
Microsoft Visual Studio Solution File, Format Version 12.00
# Visual Studio Version 17
VisualStudioVersion = 17.1.32210.238
MinimumVisualStudioVersion = 10.0.40219.1
Project("{FAE04EC0-301F-11D3-BF4B-00C04F79EFBC}") = "Колекция криптография", "Колекция криптография\Колекция криптография.csproj", "{F22EE6DD-FC3C-467E-8739-38A99D9120E8}"
EndProject
Global
	GlobalSection(SolutionConfigurationPlatforms) = preSolution
		Debug|Any CPU = Debug|Any CPU
		Release|Any CPU = Release|Any CPU
	EndGlobalSection
	GlobalSection(ProjectConfigurationPlatforms) = postSolution
		{F22EE6DD-FC3C-467E-8739-38A99D9120E8}.Debug|Any CPU.ActiveCfg = Debug|Any CPU
		{F22EE6DD-FC3C-467E-8739-38A99D9120E8}.Debug|Any CPU.Build.0 = Debug|Any CPU
		{F22EE6DD-FC3C-467E-8739-38A99D9120E8}.Release|Any CPU.ActiveCfg = Release|Any CPU
		{F22EE6DD-FC3C-467E-8739-38A99D9120E8}.Release|Any CPU.Build.0 = Release|Any CPU
	EndGlobalSection
	GlobalSection(SolutionProperties) = preSolution
		HideSolutionNode = FALSE
	EndGlobalSection
	GlobalSection(ExtensibilityGlobals) = postSolution
		SolutionGuid = {DB2708F7-3DEF-4B54-BB51-49D515B09651}
	EndGlobalSection
EndGlobal
